
Microsoft Visual Studio Solution File, Format Version 12.00
# Visual Studio Version 17
VisualStudioVersion = 17.1.32421.90
MinimumVisualStudioVersion = 10.0.40219.1
Project("{9A19103F-16F7-4668-BE54-9A1E7A4F7556}") = "01. Car", "01. Car\01. Car.csproj", "{3385491E-A4CB-403D-99AE-BF78E5B0256C}"
EndProject
Project("{9A19103F-16F7-4668-BE54-9A1E7A4F7556}") = "02. Car Extension", "02. Car Extension\02. Car Extension.csproj", "{626866EC-DFFB-4921-89C3-D9E05A9B3A4A}"
EndProject
Project("{9A19103F-16F7-4668-BE54-9A1E7A4F7556}") = "03. Car Constructors", "03. Car Constructors\03. Car Constructors.csproj", "{88BADD9A-6B0A-4EB8-AEF2-293ABA48D8AB}"
EndProject
Project("{9A19103F-16F7-4668-BE54-9A1E7A4F7556}") = "04. Car Engine And Tires", "04. Car Engine And Tires\04. Car Engine And Tires.csproj", "{F12EA716-78F1-43C9-A12A-A0BDBA412046}"
EndProject
Project("{FAE04EC0-301F-11D3-BF4B-00C04F79EFBC}") = "05. Special Cars", "05. Special Cars\05. Special Cars.csproj", "{867B8ADD-F020-4926-9C83-2045F4C03852}"
EndProject
Global
	GlobalSection(SolutionConfigurationPlatforms) = preSolution
		Debug|Any CPU = Debug|Any CPU
		Release|Any CPU = Release|Any CPU
	EndGlobalSection
	GlobalSection(ProjectConfigurationPlatforms) = postSolution
		{3385491E-A4CB-403D-99AE-BF78E5B0256C}.Debug|Any CPU.ActiveCfg = Debug|Any CPU
		{3385491E-A4CB-403D-99AE-BF78E5B0256C}.Debug|Any CPU.Build.0 = Debug|Any CPU
		{3385491E-A4CB-403D-99AE-BF78E5B0256C}.Release|Any CPU.ActiveCfg = Release|Any CPU
		{3385491E-A4CB-403D-99AE-BF78E5B0256C}.Release|Any CPU.Build.0 = Release|Any CPU
		{626866EC-DFFB-4921-89C3-D9E05A9B3A4A}.Debug|Any CPU.ActiveCfg = Debug|Any CPU
		{626866EC-DFFB-4921-89C3-D9E05A9B3A4A}.Debug|Any CPU.Build.0 = Debug|Any CPU
		{626866EC-DFFB-4921-89C3-D9E05A9B3A4A}.Release|Any CPU.ActiveCfg = Release|Any CPU
		{626866EC-DFFB-4921-89C3-D9E05A9B3A4A}.Release|Any CPU.Build.0 = Release|Any CPU
		{88BADD9A-6B0A-4EB8-AEF2-293ABA48D8AB}.Debug|Any CPU.ActiveCfg = Debug|Any CPU
		{88BADD9A-6B0A-4EB8-AEF2-293ABA48D8AB}.Debug|Any CPU.Build.0 = Debug|Any CPU
		{88BADD9A-6B0A-4EB8-AEF2-293ABA48D8AB}.Release|Any CPU.ActiveCfg = Release|Any CPU
		{88BADD9A-6B0A-4EB8-AEF2-293ABA48D8AB}.Release|Any CPU.Build.0 = Release|Any CPU
		{F12EA716-78F1-43C9-A12A-A0BDBA412046}.Debug|Any CPU.ActiveCfg = Debug|Any CPU
		{F12EA716-78F1-43C9-A12A-A0BDBA412046}.Debug|Any CPU.Build.0 = Debug|Any CPU
		{F12EA716-78F1-43C9-A12A-A0BDBA412046}.Release|Any CPU.ActiveCfg = Release|Any CPU
		{F12EA716-78F1-43C9-A12A-A0BDBA412046}.Release|Any CPU.Build.0 = Release|Any CPU
		{867B8ADD-F020-4926-9C83-2045F4C03852}.Debug|Any CPU.ActiveCfg = Debug|Any CPU
		{867B8ADD-F020-4926-9C83-2045F4C03852}.Debug|Any CPU.Build.0 = Debug|Any CPU
		{867B8ADD-F020-4926-9C83-2045F4C03852}.Release|Any CPU.ActiveCfg = Release|Any CPU
		{867B8ADD-F020-4926-9C83-2045F4C03852}.Release|Any CPU.Build.0 = Release|Any CPU
	EndGlobalSection
	GlobalSection(SolutionProperties) = preSolution
		HideSolutionNode = FALSE
	EndGlobalSection
	GlobalSection(ExtensibilityGlobals) = postSolution
		SolutionGuid = {2196A221-0EAC-48EB-B751-0817CB2939A6}
	EndGlobalSection
EndGlobal
