
Microsoft Visual Studio Solution File, Format Version 12.00
# Visual Studio Version 17
VisualStudioVersion = 17.1.32421.90
MinimumVisualStudioVersion = 10.0.40219.1
Project("{FAE04EC0-301F-11D3-BF4B-00C04F79EFBC}") = "01. Sort Even Numbers", "01. Sort Even Numbers\01. Sort Even Numbers.csproj", "{4E575EB1-E9B3-4D5E-890A-0A2FBD23BBD2}"
EndProject
Project("{FAE04EC0-301F-11D3-BF4B-00C04F79EFBC}") = "02. Sum Numbers", "02. Sum Numbers\02. Sum Numbers.csproj", "{C02CD6D8-0551-495A-8962-85A157952A4E}"
EndProject
Project("{FAE04EC0-301F-11D3-BF4B-00C04F79EFBC}") = "03. Count Uppercase Words", "03. Count Uppercase Words\03. Count Uppercase Words.csproj", "{398EB249-57CC-457F-AF08-AE60E7536270}"
EndProject
Project("{FAE04EC0-301F-11D3-BF4B-00C04F79EFBC}") = "04. Add VAT", "04. Add VAT\04. Add VAT.csproj", "{73469933-38B1-42A7-BB4F-C4223C8BEEAC}"
EndProject
Project("{FAE04EC0-301F-11D3-BF4B-00C04F79EFBC}") = "05. Filter by Age", "05. Filter by Age\05. Filter by Age.csproj", "{EBD4855D-21B6-4D79-AD58-F3227095FF5B}"
EndProject
Global
	GlobalSection(SolutionConfigurationPlatforms) = preSolution
		Debug|Any CPU = Debug|Any CPU
		Release|Any CPU = Release|Any CPU
	EndGlobalSection
	GlobalSection(ProjectConfigurationPlatforms) = postSolution
		{4E575EB1-E9B3-4D5E-890A-0A2FBD23BBD2}.Debug|Any CPU.ActiveCfg = Debug|Any CPU
		{4E575EB1-E9B3-4D5E-890A-0A2FBD23BBD2}.Debug|Any CPU.Build.0 = Debug|Any CPU
		{4E575EB1-E9B3-4D5E-890A-0A2FBD23BBD2}.Release|Any CPU.ActiveCfg = Release|Any CPU
		{4E575EB1-E9B3-4D5E-890A-0A2FBD23BBD2}.Release|Any CPU.Build.0 = Release|Any CPU
		{C02CD6D8-0551-495A-8962-85A157952A4E}.Debug|Any CPU.ActiveCfg = Debug|Any CPU
		{C02CD6D8-0551-495A-8962-85A157952A4E}.Debug|Any CPU.Build.0 = Debug|Any CPU
		{C02CD6D8-0551-495A-8962-85A157952A4E}.Release|Any CPU.ActiveCfg = Release|Any CPU
		{C02CD6D8-0551-495A-8962-85A157952A4E}.Release|Any CPU.Build.0 = Release|Any CPU
		{398EB249-57CC-457F-AF08-AE60E7536270}.Debug|Any CPU.ActiveCfg = Debug|Any CPU
		{398EB249-57CC-457F-AF08-AE60E7536270}.Debug|Any CPU.Build.0 = Debug|Any CPU
		{398EB249-57CC-457F-AF08-AE60E7536270}.Release|Any CPU.ActiveCfg = Release|Any CPU
		{398EB249-57CC-457F-AF08-AE60E7536270}.Release|Any CPU.Build.0 = Release|Any CPU
		{73469933-38B1-42A7-BB4F-C4223C8BEEAC}.Debug|Any CPU.ActiveCfg = Debug|Any CPU
		{73469933-38B1-42A7-BB4F-C4223C8BEEAC}.Debug|Any CPU.Build.0 = Debug|Any CPU
		{73469933-38B1-42A7-BB4F-C4223C8BEEAC}.Release|Any CPU.ActiveCfg = Release|Any CPU
		{73469933-38B1-42A7-BB4F-C4223C8BEEAC}.Release|Any CPU.Build.0 = Release|Any CPU
		{EBD4855D-21B6-4D79-AD58-F3227095FF5B}.Debug|Any CPU.ActiveCfg = Debug|Any CPU
		{EBD4855D-21B6-4D79-AD58-F3227095FF5B}.Debug|Any CPU.Build.0 = Debug|Any CPU
		{EBD4855D-21B6-4D79-AD58-F3227095FF5B}.Release|Any CPU.ActiveCfg = Release|Any CPU
		{EBD4855D-21B6-4D79-AD58-F3227095FF5B}.Release|Any CPU.Build.0 = Release|Any CPU
	EndGlobalSection
	GlobalSection(SolutionProperties) = preSolution
		HideSolutionNode = FALSE
	EndGlobalSection
	GlobalSection(ExtensibilityGlobals) = postSolution
		SolutionGuid = {82F89498-320E-466F-B536-36097AC33894}
	EndGlobalSection
EndGlobal
