
Microsoft Visual Studio Solution File, Format Version 12.00
# Visual Studio Version 17
VisualStudioVersion = 17.1.32421.90
MinimumVisualStudioVersion = 10.0.40219.1
Project("{9A19103F-16F7-4668-BE54-9A1E7A4F7556}") = "01.Box", "01.Box\01.Box.csproj", "{62F0D44A-3C81-4775-B0D2-53D651E1CC30}"
EndProject
Project("{9A19103F-16F7-4668-BE54-9A1E7A4F7556}") = "demo", "demo\demo.csproj", "{771BC5EC-5472-46A1-8AFB-4E83FFA34BCC}"
EndProject
Project("{FAE04EC0-301F-11D3-BF4B-00C04F79EFBC}") = "GenericArrayCreator", "GenericArrayCreator\GenericArrayCreator.csproj", "{5C5EB82A-2C73-4B58-BE3B-A9A5FCA1FC65}"
EndProject
Project("{FAE04EC0-301F-11D3-BF4B-00C04F79EFBC}") = "03.GenericScale", "03.GenericScale\03.GenericScale.csproj", "{E258F4B5-0D9A-4C2D-932E-02265422A5D9}"
EndProject
Project("{FAE04EC0-301F-11D3-BF4B-00C04F79EFBC}") = "GenericScale", "GenericScale\GenericScale.csproj", "{2517FC3D-37E0-468A-B421-38A44242D95F}"
EndProject
Global
	GlobalSection(SolutionConfigurationPlatforms) = preSolution
		Debug|Any CPU = Debug|Any CPU
		Release|Any CPU = Release|Any CPU
	EndGlobalSection
	GlobalSection(ProjectConfigurationPlatforms) = postSolution
		{62F0D44A-3C81-4775-B0D2-53D651E1CC30}.Debug|Any CPU.ActiveCfg = Debug|Any CPU
		{62F0D44A-3C81-4775-B0D2-53D651E1CC30}.Debug|Any CPU.Build.0 = Debug|Any CPU
		{62F0D44A-3C81-4775-B0D2-53D651E1CC30}.Release|Any CPU.ActiveCfg = Release|Any CPU
		{62F0D44A-3C81-4775-B0D2-53D651E1CC30}.Release|Any CPU.Build.0 = Release|Any CPU
		{771BC5EC-5472-46A1-8AFB-4E83FFA34BCC}.Debug|Any CPU.ActiveCfg = Debug|Any CPU
		{771BC5EC-5472-46A1-8AFB-4E83FFA34BCC}.Debug|Any CPU.Build.0 = Debug|Any CPU
		{771BC5EC-5472-46A1-8AFB-4E83FFA34BCC}.Release|Any CPU.ActiveCfg = Release|Any CPU
		{771BC5EC-5472-46A1-8AFB-4E83FFA34BCC}.Release|Any CPU.Build.0 = Release|Any CPU
		{5C5EB82A-2C73-4B58-BE3B-A9A5FCA1FC65}.Debug|Any CPU.ActiveCfg = Debug|Any CPU
		{5C5EB82A-2C73-4B58-BE3B-A9A5FCA1FC65}.Debug|Any CPU.Build.0 = Debug|Any CPU
		{5C5EB82A-2C73-4B58-BE3B-A9A5FCA1FC65}.Release|Any CPU.ActiveCfg = Release|Any CPU
		{5C5EB82A-2C73-4B58-BE3B-A9A5FCA1FC65}.Release|Any CPU.Build.0 = Release|Any CPU
		{E258F4B5-0D9A-4C2D-932E-02265422A5D9}.Debug|Any CPU.ActiveCfg = Debug|Any CPU
		{E258F4B5-0D9A-4C2D-932E-02265422A5D9}.Debug|Any CPU.Build.0 = Debug|Any CPU
		{E258F4B5-0D9A-4C2D-932E-02265422A5D9}.Release|Any CPU.ActiveCfg = Release|Any CPU
		{E258F4B5-0D9A-4C2D-932E-02265422A5D9}.Release|Any CPU.Build.0 = Release|Any CPU
		{2517FC3D-37E0-468A-B421-38A44242D95F}.Debug|Any CPU.ActiveCfg = Debug|Any CPU
		{2517FC3D-37E0-468A-B421-38A44242D95F}.Debug|Any CPU.Build.0 = Debug|Any CPU
		{2517FC3D-37E0-468A-B421-38A44242D95F}.Release|Any CPU.ActiveCfg = Release|Any CPU
		{2517FC3D-37E0-468A-B421-38A44242D95F}.Release|Any CPU.Build.0 = Release|Any CPU
	EndGlobalSection
	GlobalSection(SolutionProperties) = preSolution
		HideSolutionNode = FALSE
	EndGlobalSection
	GlobalSection(ExtensibilityGlobals) = postSolution
		SolutionGuid = {C69103E9-850D-4F86-9CAF-543C61E868C5}
	EndGlobalSection
EndGlobal
