
Microsoft Visual Studio Solution File, Format Version 12.00
# Visual Studio Version 17
VisualStudioVersion = 17.1.32421.90
MinimumVisualStudioVersion = 10.0.40219.1
Project("{FAE04EC0-301F-11D3-BF4B-00C04F79EFBC}") = "01.RecursiveArraySum", "01.RecursiveArraySum\01.RecursiveArraySum.csproj", "{06DE3990-22B5-4FFA-9B0C-7355EB0683AB}"
EndProject
Global
	GlobalSection(SolutionConfigurationPlatforms) = preSolution
		Debug|Any CPU = Debug|Any CPU
		Release|Any CPU = Release|Any CPU
	EndGlobalSection
	GlobalSection(ProjectConfigurationPlatforms) = postSolution
		{06DE3990-22B5-4FFA-9B0C-7355EB0683AB}.Debug|Any CPU.ActiveCfg = Debug|Any CPU
		{06DE3990-22B5-4FFA-9B0C-7355EB0683AB}.Debug|Any CPU.Build.0 = Debug|Any CPU
		{06DE3990-22B5-4FFA-9B0C-7355EB0683AB}.Release|Any CPU.ActiveCfg = Release|Any CPU
		{06DE3990-22B5-4FFA-9B0C-7355EB0683AB}.Release|Any CPU.Build.0 = Release|Any CPU
	EndGlobalSection
	GlobalSection(SolutionProperties) = preSolution
		HideSolutionNode = FALSE
	EndGlobalSection
	GlobalSection(ExtensibilityGlobals) = postSolution
		SolutionGuid = {28F0060C-3C33-4813-94B9-E524C022124C}
	EndGlobalSection
EndGlobal
